
Microsoft Visual Studio Solution File, Format Version 12.00
# Visual Studio Version 17
VisualStudioVersion = 17.14.36429.23 d17.14
MinimumVisualStudioVersion = 10.0.40219.1
Project("{FAE04EC0-301F-11D3-BF4B-00C04F79EFBC}") = "Biobiljett", "Biobiljett\Biobiljett.csproj", "{8176192B-40BB-423C-86AD-CD1BBF84832A}"
EndProject
Global
	GlobalSection(SolutionConfigurationPlatforms) = preSolution
		Debug|Any CPU = Debug|Any CPU
		Release|Any CPU = Release|Any CPU
	EndGlobalSection
	GlobalSection(ProjectConfigurationPlatforms) = postSolution
		{8176192B-40BB-423C-86AD-CD1BBF84832A}.Debug|Any CPU.ActiveCfg = Debug|Any CPU
		{8176192B-40BB-423C-86AD-CD1BBF84832A}.Debug|Any CPU.Build.0 = Debug|Any CPU
		{8176192B-40BB-423C-86AD-CD1BBF84832A}.Release|Any CPU.ActiveCfg = Release|Any CPU
		{8176192B-40BB-423C-86AD-CD1BBF84832A}.Release|Any CPU.Build.0 = Release|Any CPU
	EndGlobalSection
	GlobalSection(SolutionProperties) = preSolution
		HideSolutionNode = FALSE
	EndGlobalSection
	GlobalSection(ExtensibilityGlobals) = postSolution
		SolutionGuid = {5603F287-CB4A-4AB1-A5EA-7165B1087B7D}
	EndGlobalSection
EndGlobal
